// !$*UTF8*$!
{
	archiveVersion = 1;
	classes = {
	};
	objectVersion = 46;
	objects = {

/* Begin PBXBuildFile section */
		19961BA91E104D4B00D22967 /* AVFoundation.framework in Frameworks */ = {isa = PBXBuildFile; fileRef = 19961BA81E104D4B00D22967 /* AVFoundation.framework */; };
		385930B4FE7A8CAAE2497C59 /* RestService.m in Sources */ = {isa = PBXBuildFile; fileRef = 38593A2F408D7CDD652D1D11 /* RestService.m */; };
		38593469C3DC87700B8AECDF /* AppDelegate.m in Sources */ = {isa = PBXBuildFile; fileRef = 385933A60E8D3A43A673F893 /* AppDelegate.m */; };
		38593646B069668CD0A01351 /* LaunchScreen.storyboard in Resources */ = {isa = PBXBuildFile; fileRef = 38593B2E8C410BDE945F815C /* LaunchScreen.storyboard */; };
		38593824D67A1E4F5CBD4BF7 /* SpellingGame.m in Sources */ = {isa = PBXBuildFile; fileRef = 385938F3D7394087FD2A07E9 /* SpellingGame.m */; };
		38593B3D692B4212077A964C /* ViewController.m in Sources */ = {isa = PBXBuildFile; fileRef = 385934E75101E678278A8B27 /* ViewController.m */; };
		38593B96C98E6205B6388F05 /* Assets.xcassets in Resources */ = {isa = PBXBuildFile; fileRef = 385932A14554165F77D7BDD2 /* Assets.xcassets */; };
		38593DB9CC855387C9C5D709 /* main.m in Sources */ = {isa = PBXBuildFile; fileRef = 3859360447416BA80813B00F /* main.m */; };
		38593ED180EA025C6D49865A /* Main.storyboard in Resources */ = {isa = PBXBuildFile; fileRef = 385937B332C8A7B7B64139B2 /* Main.storyboard */; };
/* End PBXBuildFile section */

/* Begin PBXFileReference section */
		19961BA81E104D4B00D22967 /* AVFoundation.framework */ = {isa = PBXFileReference; lastKnownFileType = wrapper.framework; name = AVFoundation.framework; path = System/Library/Frameworks/AVFoundation.framework; sourceTree = SDKROOT; };
		3859301CAF6AAF9EE7A46F51 /* Base */ = {isa = PBXFileReference; lastKnownFileType = file.storyboard; name = Base; path = Base.lproj/Main.storyboard; sourceTree = "<group>"; };
		3859302B1D0E83EA324715B2 /* Base */ = {isa = PBXFileReference; lastKnownFileType = file.storyboard; name = Base; path = Base.lproj/LaunchScreen.storyboard; sourceTree = "<group>"; };
		3859324CCC1FBEEA81694D44 /* games.spelling.app */ = {isa = PBXFileReference; explicitFileType = wrapper.application; includeInIndex = 0; path = games.spelling.app; sourceTree = BUILT_PRODUCTS_DIR; };
		385932A14554165F77D7BDD2 /* Assets.xcassets */ = {isa = PBXFileReference; lastKnownFileType = folder.assetcatalog; path = Assets.xcassets; sourceTree = "<group>"; };
		385933A60E8D3A43A673F893 /* AppDelegate.m */ = {isa = PBXFileReference; lastKnownFileType = sourcecode.c.objc; path = AppDelegate.m; sourceTree = "<group>"; };
		385934E75101E678278A8B27 /* ViewController.m */ = {isa = PBXFileReference; lastKnownFileType = sourcecode.c.objc; path = ViewController.m; sourceTree = "<group>"; };
		3859360447416BA80813B00F /* main.m */ = {isa = PBXFileReference; lastKnownFileType = sourcecode.c.objc; path = main.m; sourceTree = "<group>"; };
		38593722894B79D797A8E251 /* SpellingGame.h */ = {isa = PBXFileReference; fileEncoding = 4; lastKnownFileType = sourcecode.c.h; path = SpellingGame.h; sourceTree = "<group>"; };
		385938F3D7394087FD2A07E9 /* SpellingGame.m */ = {isa = PBXFileReference; fileEncoding = 4; lastKnownFileType = sourcecode.c.objc; path = SpellingGame.m; sourceTree = "<group>"; };
		385939557D85687BD6D7FA13 /* RestService.h */ = {isa = PBXFileReference; fileEncoding = 4; lastKnownFileType = sourcecode.c.h; path = RestService.h; sourceTree = "<group>"; };
		38593A2F408D7CDD652D1D11 /* RestService.m */ = {isa = PBXFileReference; fileEncoding = 4; lastKnownFileType = sourcecode.c.objc; path = RestService.m; sourceTree = "<group>"; };
		38593E43580D8CFAD9A12F63 /* ViewController.h */ = {isa = PBXFileReference; lastKnownFileType = sourcecode.c.h; path = ViewController.h; sourceTree = "<group>"; };
		38593ED2DE8479394E49EFB9 /* Info.plist */ = {isa = PBXFileReference; lastKnownFileType = text.plist.info; path = Info.plist; sourceTree = "<group>"; };
		38593FF5479F5B7306526374 /* AppDelegate.h */ = {isa = PBXFileReference; lastKnownFileType = sourcecode.c.h; path = AppDelegate.h; sourceTree = "<group>"; };
/* End PBXFileReference section */

/* Begin PBXFrameworksBuildPhase section */
		385933ECB4936B2F6D63651B /* Frameworks */ = {
			isa = PBXFrameworksBuildPhase;
			buildActionMask = 2147483647;
			files = (
				19961BA91E104D4B00D22967 /* AVFoundation.framework in Frameworks */,
			);
			runOnlyForDeploymentPostprocessing = 0;
		};
/* End PBXFrameworksBuildPhase section */

/* Begin PBXGroup section */
		19961BA71E104D4B00D22967 /* Frameworks */ = {
			isa = PBXGroup;
			children = (
				19961BA81E104D4B00D22967 /* AVFoundation.framework */,
			);
			name = Frameworks;
			sourceTree = "<group>";
		};
		3859311E6E945EB2B70395ED /* Supporting Files */ = {
			isa = PBXGroup;
			children = (
				3859360447416BA80813B00F /* main.m */,
			);
			name = "Supporting Files";
			sourceTree = "<group>";
		};
		385934F6FA4BC99D89E3E1F6 /* games.spelling */ = {
			isa = PBXGroup;
			children = (
				38593ED2DE8479394E49EFB9 /* Info.plist */,
				385932A14554165F77D7BDD2 /* Assets.xcassets */,
				38593B2E8C410BDE945F815C /* LaunchScreen.storyboard */,
				3859311E6E945EB2B70395ED /* Supporting Files */,
				38593FF5479F5B7306526374 /* AppDelegate.h */,
				385933A60E8D3A43A673F893 /* AppDelegate.m */,
				385937B332C8A7B7B64139B2 /* Main.storyboard */,
				38593E43580D8CFAD9A12F63 /* ViewController.h */,
				385934E75101E678278A8B27 /* ViewController.m */,
				38593A2F408D7CDD652D1D11 /* RestService.m */,
				385939557D85687BD6D7FA13 /* RestService.h */,
				385938F3D7394087FD2A07E9 /* SpellingGame.m */,
				38593722894B79D797A8E251 /* SpellingGame.h */,
			);
			path = games.spelling;
			sourceTree = "<group>";
		};
		385935472A83BC4D739A2F23 /* Products */ = {
			isa = PBXGroup;
			children = (
				3859324CCC1FBEEA81694D44 /* games.spelling.app */,
			);
			name = Products;
			sourceTree = "<group>";
		};
		3859364621AD521D5D7E1BCA = {
			isa = PBXGroup;
			children = (
				385935472A83BC4D739A2F23 /* Products */,
				385934F6FA4BC99D89E3E1F6 /* games.spelling */,
				19961BA71E104D4B00D22967 /* Frameworks */,
			);
			sourceTree = "<group>";
		};
/* End PBXGroup section */

/* Begin PBXNativeTarget section */
		38593028B2D58BCA6E1E2F39 /* games.spelling */ = {
			isa = PBXNativeTarget;
			buildConfigurationList = 385936981E1B9E7CC167A7CF /* Build configuration list for PBXNativeTarget "games.spelling" */;
			buildPhases = (
				3859336E9F8F59F50EEF67F7 /* Sources */,
				385933ECB4936B2F6D63651B /* Frameworks */,
				3859315777AAC575A3067130 /* Resources */,
			);
			buildRules = (
			);
			dependencies = (
			);
			name = games.spelling;
			productName = games.spelling;
			productReference = 3859324CCC1FBEEA81694D44 /* games.spelling.app */;
			productType = "com.apple.product-type.application";
		};
/* End PBXNativeTarget section */

/* Begin PBXProject section */
		38593A5449116A338F39EA1C /* Project object */ = {
			isa = PBXProject;
			attributes = {
				LastUpgradeCheck = 0810;
				ORGANIZATIONNAME = Uncas;
				TargetAttributes = {
					38593028B2D58BCA6E1E2F39 = {
						DevelopmentTeam = C743UF966U;
					};
				};
			};
			buildConfigurationList = 38593F65BC25D68F92377FB7 /* Build configuration list for PBXProject "games.spelling" */;
			compatibilityVersion = "Xcode 3.2";
			developmentRegion = English;
			hasScannedForEncodings = 0;
			knownRegions = (
				en,
			);
			mainGroup = 3859364621AD521D5D7E1BCA;
			productRefGroup = 385935472A83BC4D739A2F23 /* Products */;
			projectDirPath = "";
			projectRoot = "";
			targets = (
				38593028B2D58BCA6E1E2F39 /* games.spelling */,
			);
		};
/* End PBXProject section */

/* Begin PBXResourcesBuildPhase section */
		3859315777AAC575A3067130 /* Resources */ = {
			isa = PBXResourcesBuildPhase;
			buildActionMask = 2147483647;
			files = (
				38593B96C98E6205B6388F05 /* Assets.xcassets in Resources */,
				38593646B069668CD0A01351 /* LaunchScreen.storyboard in Resources */,
				38593ED180EA025C6D49865A /* Main.storyboard in Resources */,
			);
			runOnlyForDeploymentPostprocessing = 0;
		};
/* End PBXResourcesBuildPhase section */

/* Begin PBXSourcesBuildPhase section */
		3859336E9F8F59F50EEF67F7 /* Sources */ = {
			isa = PBXSourcesBuildPhase;
			buildActionMask = 2147483647;
			files = (
				38593DB9CC855387C9C5D709 /* main.m in Sources */,
				38593469C3DC87700B8AECDF /* AppDelegate.m in Sources */,
				38593B3D692B4212077A964C /* ViewController.m in Sources */,
				385930B4FE7A8CAAE2497C59 /* RestService.m in Sources */,
				38593824D67A1E4F5CBD4BF7 /* SpellingGame.m in Sources */,
			);
			runOnlyForDeploymentPostprocessing = 0;
		};
/* End PBXSourcesBuildPhase section */

/* Begin PBXVariantGroup section */
		385937B332C8A7B7B64139B2 /* Main.storyboard */ = {
			isa = PBXVariantGroup;
			children = (
				3859301CAF6AAF9EE7A46F51 /* Base */,
			);
			name = Main.storyboard;
			sourceTree = "<group>";
		};
		38593B2E8C410BDE945F815C /* LaunchScreen.storyboard */ = {
			isa = PBXVariantGroup;
			children = (
				3859302B1D0E83EA324715B2 /* Base */,
			);
			name = LaunchScreen.storyboard;
			sourceTree = "<group>";
		};
/* End PBXVariantGroup section */

/* Begin XCBuildConfiguration section */
		3859306E61FF057EE2430FA8 /* Release */ = {
			isa = XCBuildConfiguration;
			buildSettings = {
				ASSETCATALOG_COMPILER_APPICON_NAME = AppIcon;
				DEVELOPMENT_TEAM = C743UF966U;
				INFOPLIST_FILE = games.spelling/Info.plist;
				LD_RUNPATH_SEARCH_PATHS = "$(inherited) @executable_path/Frameworks";
				PRODUCT_BUNDLE_IDENTIFIER = "uncas.games-spelling";
				PRODUCT_NAME = "$(TARGET_NAME)";
			};
			name = Release;
		};
		38593A9D4E945DCA5AC473CE /* Debug */ = {
			isa = XCBuildConfiguration;
			buildSettings = {
				ALWAYS_SEARCH_USER_PATHS = NO;
				CLANG_ANALYZER_NONNULL = YES;
				CLANG_CXX_LANGUAGE_STANDARD = "gnu++0x";
				CLANG_CXX_LIBRARY = "libc++";
				CLANG_ENABLE_MODULES = YES;
				CLANG_ENABLE_OBJC_ARC = YES;
				CLANG_WARN_BOOL_CONVERSION = YES;
				CLANG_WARN_CONSTANT_CONVERSION = YES;
				CLANG_WARN_DIRECT_OBJC_ISA_USAGE = YES_ERROR;
				CLANG_WARN_DOCUMENTATION_COMMENTS = YES;
				CLANG_WARN_EMPTY_BODY = YES;
				CLANG_WARN_ENUM_CONVERSION = YES;
				CLANG_WARN_INFINITE_RECURSION = YES;
				CLANG_WARN_INT_CONVERSION = YES;
				CLANG_WARN_OBJC_ROOT_CLASS = YES_ERROR;
				CLANG_WARN_SUSPICIOUS_MOVE = YES;
				CLANG_WARN_SUSPICIOUS_MOVES = YES;
				CLANG_WARN_UNREACHABLE_CODE = YES;
				CLANG_WARN__DUPLICATE_METHOD_MATCH = YES;
				"CODE_SIGN_IDENTITY[sdk=iphoneos*]" = "iPhone Developer";
				COPY_PHASE_STRIP = NO;
				DEBUG_INFORMATION_FORMAT = dwarf;
				ENABLE_STRICT_OBJC_MSGSEND = YES;
				ENABLE_TESTABILITY = YES;
				GCC_C_LANGUAGE_STANDARD = gnu99;
				GCC_DYNAMIC_NO_PIC = NO;
				GCC_NO_COMMON_BLOCKS = YES;
				GCC_OPTIMIZATION_LEVEL = 0;
				GCC_PREPROCESSOR_DEFINITIONS = (
					"DEBUG=1",
					"$(inherited)",
				);
				GCC_WARN_64_TO_32_BIT_CONVERSION = YES;
				GCC_WARN_ABOUT_RETURN_TYPE = YES_ERROR;
				GCC_WARN_UNDECLARED_SELECTOR = YES;
				GCC_WARN_UNINITIALIZED_AUTOS = YES_AGGRESSIVE;
				GCC_WARN_UNUSED_FUNCTION = YES;
				GCC_WARN_UNUSED_VARIABLE = YES;
				IPHONEOS_DEPLOYMENT_TARGET = 10.1;
				MTL_ENABLE_DEBUG_INFO = YES;
				ONLY_ACTIVE_ARCH = YES;
				SDKROOT = iphoneos;
				TARGETED_DEVICE_FAMILY = "1,2";
			};
			name = Debug;
		};
		38593D156CE1F01C8E86EE76 /* Debug */ = {
			isa = XCBuildConfiguration;
			buildSettings = {
				ASSETCATALOG_COMPILER_APPICON_NAME = AppIcon;
				DEVELOPMENT_TEAM = C743UF966U;
				INFOPLIST_FILE = games.spelling/Info.plist;
				LD_RUNPATH_SEARCH_PATHS = "$(inherited) @executable_path/Frameworks";
				PRODUCT_BUNDLE_IDENTIFIER = "uncas.games-spelling";
				PRODUCT_NAME = "$(TARGET_NAME)";
			};
			name = Debug;
		};
		38593EC932A8CDAC799F91B3 /* Release */ = {
			isa = XCBuildConfiguration;
			buildSettings = {
				ALWAYS_SEARCH_USER_PATHS = NO;
				CLANG_ANALYZER_NONNULL = YES;
				CLANG_CXX_LANGUAGE_STANDARD = "gnu++0x";
				CLANG_CXX_LIBRARY = "libc++";
				CLANG_ENABLE_MODULES = YES;
				CLANG_ENABLE_OBJC_ARC = YES;
				CLANG_WARN_BOOL_CONVERSION = YES;
				CLANG_WARN_CONSTANT_CONVERSION = YES;
				CLANG_WARN_DIRECT_OBJC_ISA_USAGE = YES_ERROR;
				CLANG_WARN_DOCUMENTATION_COMMENTS = YES;
				CLANG_WARN_EMPTY_BODY = YES;
				CLANG_WARN_ENUM_CONVERSION = YES;
				CLANG_WARN_INFINITE_RECURSION = YES;
				CLANG_WARN_INT_CONVERSION = YES;
				CLANG_WARN_OBJC_ROOT_CLASS = YES_ERROR;
				CLANG_WARN_SUSPICIOUS_MOVE = YES;
				CLANG_WARN_SUSPICIOUS_MOVES = YES;
				CLANG_WARN_UNREACHABLE_CODE = YES;
				CLANG_WARN__DUPLICATE_METHOD_MATCH = YES;
				"CODE_SIGN_IDENTITY[sdk=iphoneos*]" = "iPhone Developer";
				COPY_PHASE_STRIP = NO;
				DEBUG_INFORMATION_FORMAT = "dwarf-with-dsym";
				ENABLE_NS_ASSERTIONS = NO;
				ENABLE_STRICT_OBJC_MSGSEND = YES;
				GCC_C_LANGUAGE_STANDARD = gnu99;
				GCC_NO_COMMON_BLOCKS = YES;
				GCC_WARN_64_TO_32_BIT_CONVERSION = YES;
				GCC_WARN_ABOUT_RETURN_TYPE = YES_ERROR;
				GCC_WARN_UNDECLARED_SELECTOR = YES;
				GCC_WARN_UNINITIALIZED_AUTOS = YES_AGGRESSIVE;
				GCC_WARN_UNUSED_FUNCTION = YES;
				GCC_WARN_UNUSED_VARIABLE = YES;
				IPHONEOS_DEPLOYMENT_TARGET = 10.1;
				MTL_ENABLE_DEBUG_INFO = NO;
				SDKROOT = iphoneos;
				TARGETED_DEVICE_FAMILY = "1,2";
				VALIDATE_PRODUCT = YES;
			};
			name = Release;
		};
/* End XCBuildConfiguration section */

/* Begin XCConfigurationList section */
		385936981E1B9E7CC167A7CF /* Build configuration list for PBXNativeTarget "games.spelling" */ = {
			isa = XCConfigurationList;
			buildConfigurations = (
				38593D156CE1F01C8E86EE76 /* Debug */,
				3859306E61FF057EE2430FA8 /* Release */,
			);
			defaultConfigurationIsVisible = 0;
			defaultConfigurationName = Release;
		};
		38593F65BC25D68F92377FB7 /* Build configuration list for PBXProject "games.spelling" */ = {
			isa = XCConfigurationList;
			buildConfigurations = (
				38593A9D4E945DCA5AC473CE /* Debug */,
				38593EC932A8CDAC799F91B3 /* Release */,
			);
			defaultConfigurationIsVisible = 0;
			defaultConfigurationName = Release;
		};
/* End XCConfigurationList section */
	};
	rootObject = 38593A5449116A338F39EA1C /* Project object */;
}
